
Microsoft Visual Studio Solution File, Format Version 12.00
# Visual Studio 2012
Project("{888888A0-9F3D-457C-B088-3A5042F75D52}") = "HelloWorld", "HelloWorld\HelloWorld.pyproj", "{DCDBC9BB-38D3-4AC5-9C7E-A9365970138D}"
EndProject
Global
	GlobalSection(SolutionConfigurationPlatforms) = preSolution
		Debug|Any CPU = Debug|Any CPU
		Release|Any CPU = Release|Any CPU
	EndGlobalSection
	GlobalSection(ProjectConfigurationPlatforms) = postSolution
		{DCDBC9BB-38D3-4AC5-9C7E-A9365970138D}.Debug|Any CPU.ActiveCfg = Debug|Any CPU
		{DCDBC9BB-38D3-4AC5-9C7E-A9365970138D}.Debug|Any CPU.Build.0 = Debug|Any CPU
		{DCDBC9BB-38D3-4AC5-9C7E-A9365970138D}.Release|Any CPU.ActiveCfg = Release|Any CPU
		{DCDBC9BB-38D3-4AC5-9C7E-A9365970138D}.Release|Any CPU.Build.0 = Release|Any CPU
	EndGlobalSection
	GlobalSection(SolutionProperties) = preSolution
		HideSolutionNode = FALSE
	EndGlobalSection
EndGlobal
